
Microsoft Visual Studio Solution File, Format Version 12.00
# Visual Studio 15
VisualStudioVersion = 15.0.28010.2019
MinimumVisualStudioVersion = 10.0.40219.1
Project("{FAE04EC0-301F-11D3-BF4B-00C04F79EFBC}") = "FTPS", "FTPS\FTPS.csproj", "{F86A8D0C-8625-4CEF-91FA-3560934E5B45}"
EndProject
Global
	GlobalSection(SolutionConfigurationPlatforms) = preSolution
		Debug|Any CPU = Debug|Any CPU
		Release|Any CPU = Release|Any CPU
	EndGlobalSection
	GlobalSection(ProjectConfigurationPlatforms) = postSolution
		{F86A8D0C-8625-4CEF-91FA-3560934E5B45}.Debug|Any CPU.ActiveCfg = Debug|Any CPU
		{F86A8D0C-8625-4CEF-91FA-3560934E5B45}.Debug|Any CPU.Build.0 = Debug|Any CPU
		{F86A8D0C-8625-4CEF-91FA-3560934E5B45}.Release|Any CPU.ActiveCfg = Release|Any CPU
		{F86A8D0C-8625-4CEF-91FA-3560934E5B45}.Release|Any CPU.Build.0 = Release|Any CPU
	EndGlobalSection
	GlobalSection(SolutionProperties) = preSolution
		HideSolutionNode = FALSE
	EndGlobalSection
	GlobalSection(ExtensibilityGlobals) = postSolution
		SolutionGuid = {7C371085-21E5-43DD-928B-C327D4F2428F}
	EndGlobalSection
EndGlobal
